// !$*UTF8*$!
{
	archiveVersion = 1;
	classes = {
	};
	objectVersion = 46;
	objects = {

/* Begin PBXBuildFile section */
		C25FA8CD45E89EF5719DB6A9 /* Pods_RealmRestaurant.framework in Frameworks */ = {isa = PBXBuildFile; fileRef = 2A6180923416E1E2441D50C6 /* Pods_RealmRestaurant.framework */; };
		DA4058CE1EA3530700E88291 /* AppDelegate.swift in Sources */ = {isa = PBXBuildFile; fileRef = DA4058CD1EA3530700E88291 /* AppDelegate.swift */; };
		DA4058D01EA3530700E88291 /* LoginViewController.swift in Sources */ = {isa = PBXBuildFile; fileRef = DA4058CF1EA3530700E88291 /* LoginViewController.swift */; };
		DA4058D31EA3530700E88291 /* Main.storyboard in Resources */ = {isa = PBXBuildFile; fileRef = DA4058D11EA3530700E88291 /* Main.storyboard */; };
		DA4058D51EA3530700E88291 /* Assets.xcassets in Resources */ = {isa = PBXBuildFile; fileRef = DA4058D41EA3530700E88291 /* Assets.xcassets */; };
		DA4058D81EA3530700E88291 /* LaunchScreen.storyboard in Resources */ = {isa = PBXBuildFile; fileRef = DA4058D61EA3530700E88291 /* LaunchScreen.storyboard */; };
		DA4058E01EA353CB00E88291 /* AllRealmObject.swift in Sources */ = {isa = PBXBuildFile; fileRef = DA4058DF1EA353CB00E88291 /* AllRealmObject.swift */; };
		DA4058F11EA490A100E88291 /* SignupViewController.swift in Sources */ = {isa = PBXBuildFile; fileRef = DA4058F01EA490A100E88291 /* SignupViewController.swift */; };
		DA4058F31EA6A5CC00E88291 /* MainScreenViewController.swift in Sources */ = {isa = PBXBuildFile; fileRef = DA4058F21EA6A5CC00E88291 /* MainScreenViewController.swift */; };
/* End PBXBuildFile section */

/* Begin PBXFileReference section */
		2A6180923416E1E2441D50C6 /* Pods_RealmRestaurant.framework */ = {isa = PBXFileReference; explicitFileType = wrapper.framework; includeInIndex = 0; path = Pods_RealmRestaurant.framework; sourceTree = BUILT_PRODUCTS_DIR; };
		42A0DC93DD5E28B12F4DCA78 /* Pods-RealmRestaurant.release.xcconfig */ = {isa = PBXFileReference; includeInIndex = 1; lastKnownFileType = text.xcconfig; name = "Pods-RealmRestaurant.release.xcconfig"; path = "Pods/Target Support Files/Pods-RealmRestaurant/Pods-RealmRestaurant.release.xcconfig"; sourceTree = "<group>"; };
		4C4AB9C41EE2A63CD116165F /* Pods-RealmRestaurant.debug.xcconfig */ = {isa = PBXFileReference; includeInIndex = 1; lastKnownFileType = text.xcconfig; name = "Pods-RealmRestaurant.debug.xcconfig"; path = "Pods/Target Support Files/Pods-RealmRestaurant/Pods-RealmRestaurant.debug.xcconfig"; sourceTree = "<group>"; };
		DA4058CA1EA3530700E88291 /* RealmRestaurant.app */ = {isa = PBXFileReference; explicitFileType = wrapper.application; includeInIndex = 0; path = RealmRestaurant.app; sourceTree = BUILT_PRODUCTS_DIR; };
		DA4058CD1EA3530700E88291 /* AppDelegate.swift */ = {isa = PBXFileReference; lastKnownFileType = sourcecode.swift; path = AppDelegate.swift; sourceTree = "<group>"; };
		DA4058CF1EA3530700E88291 /* LoginViewController.swift */ = {isa = PBXFileReference; lastKnownFileType = sourcecode.swift; path = LoginViewController.swift; sourceTree = "<group>"; };
		DA4058D21EA3530700E88291 /* Base */ = {isa = PBXFileReference; lastKnownFileType = file.storyboard; name = Base; path = Base.lproj/Main.storyboard; sourceTree = "<group>"; };
		DA4058D41EA3530700E88291 /* Assets.xcassets */ = {isa = PBXFileReference; lastKnownFileType = folder.assetcatalog; path = Assets.xcassets; sourceTree = "<group>"; };
		DA4058D71EA3530700E88291 /* Base */ = {isa = PBXFileReference; lastKnownFileType = file.storyboard; name = Base; path = Base.lproj/LaunchScreen.storyboard; sourceTree = "<group>"; };
		DA4058D91EA3530700E88291 /* Info.plist */ = {isa = PBXFileReference; lastKnownFileType = text.plist.xml; path = Info.plist; sourceTree = "<group>"; };
		DA4058DF1EA353CB00E88291 /* AllRealmObject.swift */ = {isa = PBXFileReference; fileEncoding = 4; lastKnownFileType = sourcecode.swift; path = AllRealmObject.swift; sourceTree = "<group>"; };
		DA4058F01EA490A100E88291 /* SignupViewController.swift */ = {isa = PBXFileReference; fileEncoding = 4; lastKnownFileType = sourcecode.swift; path = SignupViewController.swift; sourceTree = "<group>"; };
		DA4058F21EA6A5CC00E88291 /* MainScreenViewController.swift */ = {isa = PBXFileReference; fileEncoding = 4; lastKnownFileType = sourcecode.swift; path = MainScreenViewController.swift; sourceTree = "<group>"; };
/* End PBXFileReference section */

/* Begin PBXFrameworksBuildPhase section */
		DA4058C71EA3530700E88291 /* Frameworks */ = {
			isa = PBXFrameworksBuildPhase;
			buildActionMask = 2147483647;
			files = (
				C25FA8CD45E89EF5719DB6A9 /* Pods_RealmRestaurant.framework in Frameworks */,
			);
			runOnlyForDeploymentPostprocessing = 0;
		};
/* End PBXFrameworksBuildPhase section */

/* Begin PBXGroup section */
		1F854912D25343672CDA0B0F /* Pods */ = {
			isa = PBXGroup;
			children = (
				4C4AB9C41EE2A63CD116165F /* Pods-RealmRestaurant.debug.xcconfig */,
				42A0DC93DD5E28B12F4DCA78 /* Pods-RealmRestaurant.release.xcconfig */,
			);
			name = Pods;
			sourceTree = "<group>";
		};
		CDF6BD18F5E2FE61A327A6BB /* Frameworks */ = {
			isa = PBXGroup;
			children = (
				2A6180923416E1E2441D50C6 /* Pods_RealmRestaurant.framework */,
			);
			name = Frameworks;
			sourceTree = "<group>";
		};
		DA4058C11EA3530700E88291 = {
			isa = PBXGroup;
			children = (
				DA4058CC1EA3530700E88291 /* RealmRestaurant */,
				DA4058CB1EA3530700E88291 /* Products */,
				1F854912D25343672CDA0B0F /* Pods */,
				CDF6BD18F5E2FE61A327A6BB /* Frameworks */,
			);
			sourceTree = "<group>";
		};
		DA4058CB1EA3530700E88291 /* Products */ = {
			isa = PBXGroup;
			children = (
				DA4058CA1EA3530700E88291 /* RealmRestaurant.app */,
			);
			name = Products;
			sourceTree = "<group>";
		};
		DA4058CC1EA3530700E88291 /* RealmRestaurant */ = {
			isa = PBXGroup;
			children = (
				DA4058CD1EA3530700E88291 /* AppDelegate.swift */,
				DA4058DF1EA353CB00E88291 /* AllRealmObject.swift */,
				DA4058D11EA3530700E88291 /* Main.storyboard */,
				DA4058D41EA3530700E88291 /* Assets.xcassets */,
				DA4058D61EA3530700E88291 /* LaunchScreen.storyboard */,
				DA4058D91EA3530700E88291 /* Info.plist */,
				DA4058CF1EA3530700E88291 /* LoginViewController.swift */,
				DA4058F01EA490A100E88291 /* SignupViewController.swift */,
				DA4058F21EA6A5CC00E88291 /* MainScreenViewController.swift */,
			);
			path = RealmRestaurant;
			sourceTree = "<group>";
		};
/* End PBXGroup section */

/* Begin PBXNativeTarget section */
		DA4058C91EA3530700E88291 /* RealmRestaurant */ = {
			isa = PBXNativeTarget;
			buildConfigurationList = DA4058DC1EA3530700E88291 /* Build configuration list for PBXNativeTarget "RealmRestaurant" */;
			buildPhases = (
				FD8B25F80FE3E6D3FA014E50 /* [CP] Check Pods Manifest.lock */,
				DA4058C61EA3530700E88291 /* Sources */,
				DA4058C71EA3530700E88291 /* Frameworks */,
				DA4058C81EA3530700E88291 /* Resources */,
				7D07EA476BC5A4B6B720528C /* [CP] Embed Pods Frameworks */,
				1FB8260830B1612F16FCE187 /* [CP] Copy Pods Resources */,
			);
			buildRules = (
			);
			dependencies = (
			);
			name = RealmRestaurant;
			productName = RealmRestaurant;
			productReference = DA4058CA1EA3530700E88291 /* RealmRestaurant.app */;
			productType = "com.apple.product-type.application";
		};
/* End PBXNativeTarget section */

/* Begin PBXProject section */
		DA4058C21EA3530700E88291 /* Project object */ = {
			isa = PBXProject;
			attributes = {
				LastSwiftUpdateCheck = 0820;
				LastUpgradeCheck = 0820;
				ORGANIZATIONNAME = leomoon;
				TargetAttributes = {
					DA4058C91EA3530700E88291 = {
						CreatedOnToolsVersion = 8.2.1;
						DevelopmentTeam = WV7WWTD5PV;
						ProvisioningStyle = Automatic;
					};
				};
			};
			buildConfigurationList = DA4058C51EA3530700E88291 /* Build configuration list for PBXProject "RealmRestaurant" */;
			compatibilityVersion = "Xcode 3.2";
			developmentRegion = English;
			hasScannedForEncodings = 0;
			knownRegions = (
				en,
				Base,
			);
			mainGroup = DA4058C11EA3530700E88291;
			productRefGroup = DA4058CB1EA3530700E88291 /* Products */;
			projectDirPath = "";
			projectRoot = "";
			targets = (
				DA4058C91EA3530700E88291 /* RealmRestaurant */,
			);
		};
/* End PBXProject section */

/* Begin PBXResourcesBuildPhase section */
		DA4058C81EA3530700E88291 /* Resources */ = {
			isa = PBXResourcesBuildPhase;
			buildActionMask = 2147483647;
			files = (
				DA4058D81EA3530700E88291 /* LaunchScreen.storyboard in Resources */,
				DA4058D51EA3530700E88291 /* Assets.xcassets in Resources */,
				DA4058D31EA3530700E88291 /* Main.storyboard in Resources */,
			);
			runOnlyForDeploymentPostprocessing = 0;
		};
/* End PBXResourcesBuildPhase section */

/* Begin PBXShellScriptBuildPhase section */
		1FB8260830B1612F16FCE187 /* [CP] Copy Pods Resources */ = {
			isa = PBXShellScriptBuildPhase;
			buildActionMask = 2147483647;
			files = (
			);
			inputPaths = (
			);
			name = "[CP] Copy Pods Resources";
			outputPaths = (
			);
			runOnlyForDeploymentPostprocessing = 0;
			shellPath = /bin/sh;
			shellScript = "\"${SRCROOT}/Pods/Target Support Files/Pods-RealmRestaurant/Pods-RealmRestaurant-resources.sh\"\n";
			showEnvVarsInLog = 0;
		};
		7D07EA476BC5A4B6B720528C /* [CP] Embed Pods Frameworks */ = {
			isa = PBXShellScriptBuildPhase;
			buildActionMask = 2147483647;
			files = (
			);
			inputPaths = (
			);
			name = "[CP] Embed Pods Frameworks";
			outputPaths = (
			);
			runOnlyForDeploymentPostprocessing = 0;
			shellPath = /bin/sh;
			shellScript = "\"${SRCROOT}/Pods/Target Support Files/Pods-RealmRestaurant/Pods-RealmRestaurant-frameworks.sh\"\n";
			showEnvVarsInLog = 0;
		};
		FD8B25F80FE3E6D3FA014E50 /* [CP] Check Pods Manifest.lock */ = {
			isa = PBXShellScriptBuildPhase;
			buildActionMask = 2147483647;
			files = (
			);
			inputPaths = (
			);
			name = "[CP] Check Pods Manifest.lock";
			outputPaths = (
			);
			runOnlyForDeploymentPostprocessing = 0;
			shellPath = /bin/sh;
			shellScript = "diff \"${PODS_ROOT}/../Podfile.lock\" \"${PODS_ROOT}/Manifest.lock\" > /dev/null\nif [ $? != 0 ] ; then\n    # print error to STDERR\n    echo \"error: The sandbox is not in sync with the Podfile.lock. Run 'pod install' or update your CocoaPods installation.\" >&2\n    exit 1\nfi\n";
			showEnvVarsInLog = 0;
		};
/* End PBXShellScriptBuildPhase section */

/* Begin PBXSourcesBuildPhase section */
		DA4058C61EA3530700E88291 /* Sources */ = {
			isa = PBXSourcesBuildPhase;
			buildActionMask = 2147483647;
			files = (
				DA4058F31EA6A5CC00E88291 /* MainScreenViewController.swift in Sources */,
				DA4058F11EA490A100E88291 /* SignupViewController.swift in Sources */,
				DA4058D01EA3530700E88291 /* LoginViewController.swift in Sources */,
				DA4058E01EA353CB00E88291 /* AllRealmObject.swift in Sources */,
				DA4058CE1EA3530700E88291 /* AppDelegate.swift in Sources */,
			);
			runOnlyForDeploymentPostprocessing = 0;
		};
/* End PBXSourcesBuildPhase section */

/* Begin PBXVariantGroup section */
		DA4058D11EA3530700E88291 /* Main.storyboard */ = {
			isa = PBXVariantGroup;
			children = (
				DA4058D21EA3530700E88291 /* Base */,
			);
			name = Main.storyboard;
			sourceTree = "<group>";
		};
		DA4058D61EA3530700E88291 /* LaunchScreen.storyboard */ = {
			isa = PBXVariantGroup;
			children = (
				DA4058D71EA3530700E88291 /* Base */,
			);
			name = LaunchScreen.storyboard;
			sourceTree = "<group>";
		};
/* End PBXVariantGroup section */

/* Begin XCBuildConfiguration section */
		DA4058DA1EA3530700E88291 /* Debug */ = {
			isa = XCBuildConfiguration;
			buildSettings = {
				ALWAYS_SEARCH_USER_PATHS = NO;
				CLANG_ANALYZER_NONNULL = YES;
				CLANG_CXX_LANGUAGE_STANDARD = "gnu++0x";
				CLANG_CXX_LIBRARY = "libc++";
				CLANG_ENABLE_MODULES = YES;
				CLANG_ENABLE_OBJC_ARC = YES;
				CLANG_WARN_BOOL_CONVERSION = YES;
				CLANG_WARN_CONSTANT_CONVERSION = YES;
				CLANG_WARN_DIRECT_OBJC_ISA_USAGE = YES_ERROR;
				CLANG_WARN_DOCUMENTATION_COMMENTS = YES;
				CLANG_WARN_EMPTY_BODY = YES;
				CLANG_WARN_ENUM_CONVERSION = YES;
				CLANG_WARN_INFINITE_RECURSION = YES;
				CLANG_WARN_INT_CONVERSION = YES;
				CLANG_WARN_OBJC_ROOT_CLASS = YES_ERROR;
				CLANG_WARN_SUSPICIOUS_MOVE = YES;
				CLANG_WARN_UNREACHABLE_CODE = YES;
				CLANG_WARN__DUPLICATE_METHOD_MATCH = YES;
				"CODE_SIGN_IDENTITY[sdk=iphoneos*]" = "iPhone Developer";
				COPY_PHASE_STRIP = NO;
				DEBUG_INFORMATION_FORMAT = dwarf;
				ENABLE_STRICT_OBJC_MSGSEND = YES;
				ENABLE_TESTABILITY = YES;
				GCC_C_LANGUAGE_STANDARD = gnu99;
				GCC_DYNAMIC_NO_PIC = NO;
				GCC_NO_COMMON_BLOCKS = YES;
				GCC_OPTIMIZATION_LEVEL = 0;
				GCC_PREPROCESSOR_DEFINITIONS = (
					"DEBUG=1",
					"$(inherited)",
				);
				GCC_WARN_64_TO_32_BIT_CONVERSION = YES;
				GCC_WARN_ABOUT_RETURN_TYPE = YES_ERROR;
				GCC_WARN_UNDECLARED_SELECTOR = YES;
				GCC_WARN_UNINITIALIZED_AUTOS = YES_AGGRESSIVE;
				GCC_WARN_UNUSED_FUNCTION = YES;
				GCC_WARN_UNUSED_VARIABLE = YES;
				IPHONEOS_DEPLOYMENT_TARGET = 10.2;
				MTL_ENABLE_DEBUG_INFO = YES;
				ONLY_ACTIVE_ARCH = YES;
				SDKROOT = iphoneos;
				SWIFT_ACTIVE_COMPILATION_CONDITIONS = DEBUG;
				SWIFT_OPTIMIZATION_LEVEL = "-Onone";
			};
			name = Debug;
		};
		DA4058DB1EA3530700E88291 /* Release */ = {
			isa = XCBuildConfiguration;
			buildSettings = {
				ALWAYS_SEARCH_USER_PATHS = NO;
				CLANG_ANALYZER_NONNULL = YES;
				CLANG_CXX_LANGUAGE_STANDARD = "gnu++0x";
				CLANG_CXX_LIBRARY = "libc++";
				CLANG_ENABLE_MODULES = YES;
				CLANG_ENABLE_OBJC_ARC = YES;
				CLANG_WARN_BOOL_CONVERSION = YES;
				CLANG_WARN_CONSTANT_CONVERSION = YES;
				CLANG_WARN_DIRECT_OBJC_ISA_USAGE = YES_ERROR;
				CLANG_WARN_DOCUMENTATION_COMMENTS = YES;
				CLANG_WARN_EMPTY_BODY = YES;
				CLANG_WARN_ENUM_CONVERSION = YES;
				CLANG_WARN_INFINITE_RECURSION = YES;
				CLANG_WARN_INT_CONVERSION = YES;
				CLANG_WARN_OBJC_ROOT_CLASS = YES_ERROR;
				CLANG_WARN_SUSPICIOUS_MOVE = YES;
				CLANG_WARN_UNREACHABLE_CODE = YES;
				CLANG_WARN__DUPLICATE_METHOD_MATCH = YES;
				"CODE_SIGN_IDENTITY[sdk=iphoneos*]" = "iPhone Developer";
				COPY_PHASE_STRIP = NO;
				DEBUG_INFORMATION_FORMAT = "dwarf-with-dsym";
				ENABLE_NS_ASSERTIONS = NO;
				ENABLE_STRICT_OBJC_MSGSEND = YES;
				GCC_C_LANGUAGE_STANDARD = gnu99;
				GCC_NO_COMMON_BLOCKS = YES;
				GCC_WARN_64_TO_32_BIT_CONVERSION = YES;
				GCC_WARN_ABOUT_RETURN_TYPE = YES_ERROR;
				GCC_WARN_UNDECLARED_SELECTOR = YES;
				GCC_WARN_UNINITIALIZED_AUTOS = YES_AGGRESSIVE;
				GCC_WARN_UNUSED_FUNCTION = YES;
				GCC_WARN_UNUSED_VARIABLE = YES;
				IPHONEOS_DEPLOYMENT_TARGET = 10.2;
				MTL_ENABLE_DEBUG_INFO = NO;
				SDKROOT = iphoneos;
				SWIFT_OPTIMIZATION_LEVEL = "-Owholemodule";
				VALIDATE_PRODUCT = YES;
			};
			name = Release;
		};
		DA4058DD1EA3530700E88291 /* Debug */ = {
			isa = XCBuildConfiguration;
			baseConfigurationReference = 4C4AB9C41EE2A63CD116165F /* Pods-RealmRestaurant.debug.xcconfig */;
			buildSettings = {
				ASSETCATALOG_COMPILER_APPICON_NAME = AppIcon;
				DEVELOPMENT_TEAM = WV7WWTD5PV;
				INFOPLIST_FILE = RealmRestaurant/Info.plist;
				LD_RUNPATH_SEARCH_PATHS = "$(inherited) @executable_path/Frameworks";
				PRODUCT_BUNDLE_IDENTIFIER = com.leomoondev.RealmRestaurant;
				PRODUCT_NAME = "$(TARGET_NAME)";
				SWIFT_VERSION = 3.0;
			};
			name = Debug;
		};
		DA4058DE1EA3530700E88291 /* Release */ = {
			isa = XCBuildConfiguration;
			baseConfigurationReference = 42A0DC93DD5E28B12F4DCA78 /* Pods-RealmRestaurant.release.xcconfig */;
			buildSettings = {
				ASSETCATALOG_COMPILER_APPICON_NAME = AppIcon;
				DEVELOPMENT_TEAM = WV7WWTD5PV;
				INFOPLIST_FILE = RealmRestaurant/Info.plist;
				LD_RUNPATH_SEARCH_PATHS = "$(inherited) @executable_path/Frameworks";
				PRODUCT_BUNDLE_IDENTIFIER = com.leomoondev.RealmRestaurant;
				PRODUCT_NAME = "$(TARGET_NAME)";
				SWIFT_VERSION = 3.0;
			};
			name = Release;
		};
/* End XCBuildConfiguration section */

/* Begin XCConfigurationList section */
		DA4058C51EA3530700E88291 /* Build configuration list for PBXProject "RealmRestaurant" */ = {
			isa = XCConfigurationList;
			buildConfigurations = (
				DA4058DA1EA3530700E88291 /* Debug */,
				DA4058DB1EA3530700E88291 /* Release */,
			);
			defaultConfigurationIsVisible = 0;
			defaultConfigurationName = Release;
		};
		DA4058DC1EA3530700E88291 /* Build configuration list for PBXNativeTarget "RealmRestaurant" */ = {
			isa = XCConfigurationList;
			buildConfigurations = (
				DA4058DD1EA3530700E88291 /* Debug */,
				DA4058DE1EA3530700E88291 /* Release */,
			);
			defaultConfigurationIsVisible = 0;
			defaultConfigurationName = Release;
		};
/* End XCConfigurationList section */
	};
	rootObject = DA4058C21EA3530700E88291 /* Project object */;
}
